
Microsoft Visual Studio Solution File, Format Version 12.00
# Visual Studio 15
Project("{FAE04EC0-301F-11D3-BF4B-00C04F79EFBC}") = "Presenter", "Presenter.csproj", "{967CF290-D425-2EEB-FA4E-8826FEAF9825}"
EndProject
Project("{FAE04EC0-301F-11D3-BF4B-00C04F79EFBC}") = "UserControlSystem", "UserControlSystem.csproj", "{A6F09443-7B70-9D54-1EC6-F248453560D0}"
EndProject
Project("{FAE04EC0-301F-11D3-BF4B-00C04F79EFBC}") = "Core", "Core.csproj", "{4B29587D-80C6-16B4-7E0A-2A81D2180EDB}"
EndProject
Project("{FAE04EC0-301F-11D3-BF4B-00C04F79EFBC}") = "Abstractions", "Abstractions.csproj", "{648F8A40-8715-264B-C1D7-900D32AE677A}"
EndProject
Project("{FAE04EC0-301F-11D3-BF4B-00C04F79EFBC}") = "Utils", "Utils.csproj", "{AF83B34A-97C9-0E32-2052-53713EF88933}"
EndProject
Project("{FAE04EC0-301F-11D3-BF4B-00C04F79EFBC}") = "View", "View.csproj", "{C4AAA381-4B81-4530-F273-867E09F4FCE9}"
EndProject
Project("{FAE04EC0-301F-11D3-BF4B-00C04F79EFBC}") = "Model", "Model.csproj", "{5F7D3B7D-FACE-40B2-EC74-827148636838}"
EndProject
Global
	GlobalSection(SolutionConfigurationPlatforms) = preSolution
		Debug|Any CPU = Debug|Any CPU
		Release|Any CPU = Release|Any CPU
	EndGlobalSection
	GlobalSection(ProjectConfigurationPlatforms) = postSolution
		{967CF290-D425-2EEB-FA4E-8826FEAF9825}.Debug|Any CPU.ActiveCfg = Debug|Any CPU
		{967CF290-D425-2EEB-FA4E-8826FEAF9825}.Debug|Any CPU.Build.0 = Debug|Any CPU
		{967CF290-D425-2EEB-FA4E-8826FEAF9825}.Release|Any CPU.ActiveCfg = Release|Any CPU
		{967CF290-D425-2EEB-FA4E-8826FEAF9825}.Release|Any CPU.Build.0 = Release|Any CPU
		{A6F09443-7B70-9D54-1EC6-F248453560D0}.Debug|Any CPU.ActiveCfg = Debug|Any CPU
		{A6F09443-7B70-9D54-1EC6-F248453560D0}.Debug|Any CPU.Build.0 = Debug|Any CPU
		{A6F09443-7B70-9D54-1EC6-F248453560D0}.Release|Any CPU.ActiveCfg = Release|Any CPU
		{A6F09443-7B70-9D54-1EC6-F248453560D0}.Release|Any CPU.Build.0 = Release|Any CPU
		{4B29587D-80C6-16B4-7E0A-2A81D2180EDB}.Debug|Any CPU.ActiveCfg = Debug|Any CPU
		{4B29587D-80C6-16B4-7E0A-2A81D2180EDB}.Debug|Any CPU.Build.0 = Debug|Any CPU
		{4B29587D-80C6-16B4-7E0A-2A81D2180EDB}.Release|Any CPU.ActiveCfg = Release|Any CPU
		{4B29587D-80C6-16B4-7E0A-2A81D2180EDB}.Release|Any CPU.Build.0 = Release|Any CPU
		{648F8A40-8715-264B-C1D7-900D32AE677A}.Debug|Any CPU.ActiveCfg = Debug|Any CPU
		{648F8A40-8715-264B-C1D7-900D32AE677A}.Debug|Any CPU.Build.0 = Debug|Any CPU
		{648F8A40-8715-264B-C1D7-900D32AE677A}.Release|Any CPU.ActiveCfg = Release|Any CPU
		{648F8A40-8715-264B-C1D7-900D32AE677A}.Release|Any CPU.Build.0 = Release|Any CPU
		{AF83B34A-97C9-0E32-2052-53713EF88933}.Debug|Any CPU.ActiveCfg = Debug|Any CPU
		{AF83B34A-97C9-0E32-2052-53713EF88933}.Debug|Any CPU.Build.0 = Debug|Any CPU
		{AF83B34A-97C9-0E32-2052-53713EF88933}.Release|Any CPU.ActiveCfg = Release|Any CPU
		{AF83B34A-97C9-0E32-2052-53713EF88933}.Release|Any CPU.Build.0 = Release|Any CPU
		{C4AAA381-4B81-4530-F273-867E09F4FCE9}.Debug|Any CPU.ActiveCfg = Debug|Any CPU
		{C4AAA381-4B81-4530-F273-867E09F4FCE9}.Debug|Any CPU.Build.0 = Debug|Any CPU
		{C4AAA381-4B81-4530-F273-867E09F4FCE9}.Release|Any CPU.ActiveCfg = Release|Any CPU
		{C4AAA381-4B81-4530-F273-867E09F4FCE9}.Release|Any CPU.Build.0 = Release|Any CPU
		{5F7D3B7D-FACE-40B2-EC74-827148636838}.Debug|Any CPU.ActiveCfg = Debug|Any CPU
		{5F7D3B7D-FACE-40B2-EC74-827148636838}.Debug|Any CPU.Build.0 = Debug|Any CPU
		{5F7D3B7D-FACE-40B2-EC74-827148636838}.Release|Any CPU.ActiveCfg = Release|Any CPU
		{5F7D3B7D-FACE-40B2-EC74-827148636838}.Release|Any CPU.Build.0 = Release|Any CPU
	EndGlobalSection
	GlobalSection(SolutionProperties) = preSolution
		HideSolutionNode = FALSE
	EndGlobalSection
EndGlobal
